Microsoft Visual Studio Solution File, Format Version 12.00
# Visual Studio Version 17
VisualStudioVersion = 17.5.2.0
MinimumVisualStudioVersion = 10.0.40219.1
Project("{FAE04EC0-301F-11D3-BF4B-00C04F79EFBC}") = "ResourceBookingSystem", "ResourceBookingSystem.csproj", "{D382D38D-948C-8285-53B6-B46EB620EEF7}"
EndProject
Global
	GlobalSection(SolutionConfigurationPlatforms) = preSolution
		Debug|Any CPU = Debug|Any CPU
		Release|Any CPU = Release|Any CPU
	EndGlobalSection
	GlobalSection(ProjectConfigurationPlatforms) = postSolution
		{D382D38D-948C-8285-53B6-B46EB620EEF7}.Debug|Any CPU.ActiveCfg = Debug|Any CPU
		{D382D38D-948C-8285-53B6-B46EB620EEF7}.Debug|Any CPU.Build.0 = Debug|Any CPU
		{D382D38D-948C-8285-53B6-B46EB620EEF7}.Release|Any CPU.ActiveCfg = Release|Any CPU
		{D382D38D-948C-8285-53B6-B46EB620EEF7}.Release|Any CPU.Build.0 = Release|Any CPU
	EndGlobalSection
	GlobalSection(SolutionProperties) = preSolution
		HideSolutionNode = FALSE
	EndGlobalSection
	GlobalSection(ExtensibilityGlobals) = postSolution
		SolutionGuid = {A6493E08-BBF5-4098-9C5B-D1C029B6E51C}
	EndGlobalSection
EndGlobal
